hash: 83dd13b11ee19ef3b680259d185564b7281cb8a1a2fde2c10705179d2130c98f
updated: 2016-10-10T12:31:10.2654599-07:00
imports:
- name: github.com/op/go-logging
  version: b2cb9fa56473e98db8caba80237377e83fe44db5
- name: github.com/sethgrid/pester
  version: 8053687f99650573b28fb75cddf3f295082704d7
testImports: []
